
Microsoft Visual Studio Solution File, Format Version 10.00
# Visual Studio 2008
Project("{F184B08F-C81C-45F6-A57F-5ABD9991F28F}") = "START_Website", "START_Website\START_Website.vbproj", "{9EC836C4-19CC-4A38-83A6-193051219B67}"
EndProject
Project("{F184B08F-C81C-45F6-A57F-5ABD9991F28F}") = "START_LN", "START_LN\START_LN.vbproj", "{B6AD229D-EC82-464E-AF40-6F8BE4438489}"
EndProject
Project("{F184B08F-C81C-45F6-A57F-5ABD9991F28F}") = "START_MAPEADORES", "START_MAPEADORES\START_MAPEADORES.vbproj", "{0D925BF3-8858-478C-8486-36F57260B713}"
EndProject
Project("{F184B08F-C81C-45F6-A57F-5ABD9991F28F}") = "START_AD", "START_AD\START_AD.vbproj", "{9E4A8A0D-37ED-437F-8399-BE80EF93C4AF}"
EndProject
Project("{F184B08F-C81C-45F6-A57F-5ABD9991F28F}") = "START_ENTIDADES", "START_ENTIDADES\START_ENTIDADES.vbproj", "{C448CE60-108D-4EB4-A8EC-2881AFD61DAC}"
EndProject
Project("{F184B08F-C81C-45F6-A57F-5ABD9991F28F}") = "START_TESTER", "START_TESTER\START_TESTER.vbproj", "{96D2B273-4B2B-423D-B138-D4B3E2B8ACA7}"
EndProject
Project("{2150E333-8FDC-42A3-9474-1A3956D46DE8}") = "Solution Items", "Solution Items", "{87135ED8-D82D-4F02-AC4A-1FE50012F335}"
	ProjectSection(SolutionItems) = preProject
		LocalTestRun.testrunconfig = LocalTestRun.testrunconfig
		STARTNET.vsmdi = STARTNET.vsmdi
	EndProjectSection
EndProject
Project("{F184B08F-C81C-45F6-A57F-5ABD9991F28F}") = "START_HELPER", "START_HELPER\START_HELPER.vbproj", "{74F835D5-A60D-4F7B-A8F1-16D8AC48BE73}"
EndProject
Project("{F184B08F-C81C-45F6-A57F-5ABD9991F28F}") = "START_SERVICIOS", "START_SERVICIOS\START_SERVICIOS.vbproj", "{2A20A925-C50C-402A-9314-FBDD11B0D1BF}"
EndProject
Global
	GlobalSection(TestCaseManagementSettings) = postSolution
		CategoryFile = STARTNET.vsmdi
	EndGlobalSection
	GlobalSection(SolutionConfigurationPlatforms) = preSolution
		Debug|Any CPU = Debug|Any CPU
		Release|Any CPU = Release|Any CPU
	EndGlobalSection
	GlobalSection(ProjectConfigurationPlatforms) = postSolution
		{9EC836C4-19CC-4A38-83A6-193051219B67}.Debug|Any CPU.ActiveCfg = Debug|Any CPU
		{9EC836C4-19CC-4A38-83A6-193051219B67}.Debug|Any CPU.Build.0 = Debug|Any CPU
		{9EC836C4-19CC-4A38-83A6-193051219B67}.Release|Any CPU.ActiveCfg = Release|Any CPU
		{9EC836C4-19CC-4A38-83A6-193051219B67}.Release|Any CPU.Build.0 = Release|Any CPU
		{B6AD229D-EC82-464E-AF40-6F8BE4438489}.Debug|Any CPU.ActiveCfg = Debug|Any CPU
		{B6AD229D-EC82-464E-AF40-6F8BE4438489}.Debug|Any CPU.Build.0 = Debug|Any CPU
		{B6AD229D-EC82-464E-AF40-6F8BE4438489}.Release|Any CPU.ActiveCfg = Release|Any CPU
		{B6AD229D-EC82-464E-AF40-6F8BE4438489}.Release|Any CPU.Build.0 = Release|Any CPU
		{0D925BF3-8858-478C-8486-36F57260B713}.Debug|Any CPU.ActiveCfg = Debug|Any CPU
		{0D925BF3-8858-478C-8486-36F57260B713}.Debug|Any CPU.Build.0 = Debug|Any CPU
		{0D925BF3-8858-478C-8486-36F57260B713}.Release|Any CPU.ActiveCfg = Release|Any CPU
		{0D925BF3-8858-478C-8486-36F57260B713}.Release|Any CPU.Build.0 = Release|Any CPU
		{9E4A8A0D-37ED-437F-8399-BE80EF93C4AF}.Debug|Any CPU.ActiveCfg = Debug|Any CPU
		{9E4A8A0D-37ED-437F-8399-BE80EF93C4AF}.Debug|Any CPU.Build.0 = Debug|Any CPU
		{9E4A8A0D-37ED-437F-8399-BE80EF93C4AF}.Release|Any CPU.ActiveCfg = Release|Any CPU
		{9E4A8A0D-37ED-437F-8399-BE80EF93C4AF}.Release|Any CPU.Build.0 = Release|Any CPU
		{C448CE60-108D-4EB4-A8EC-2881AFD61DAC}.Debug|Any CPU.ActiveCfg = Debug|Any CPU
		{C448CE60-108D-4EB4-A8EC-2881AFD61DAC}.Debug|Any CPU.Build.0 = Debug|Any CPU
		{C448CE60-108D-4EB4-A8EC-2881AFD61DAC}.Release|Any CPU.ActiveCfg = Release|Any CPU
		{C448CE60-108D-4EB4-A8EC-2881AFD61DAC}.Release|Any CPU.Build.0 = Release|Any CPU
		{96D2B273-4B2B-423D-B138-D4B3E2B8ACA7}.Debug|Any CPU.ActiveCfg = Debug|Any CPU
		{96D2B273-4B2B-423D-B138-D4B3E2B8ACA7}.Debug|Any CPU.Build.0 = Debug|Any CPU
		{96D2B273-4B2B-423D-B138-D4B3E2B8ACA7}.Release|Any CPU.ActiveCfg = Release|Any CPU
		{96D2B273-4B2B-423D-B138-D4B3E2B8ACA7}.Release|Any CPU.Build.0 = Release|Any CPU
		{74F835D5-A60D-4F7B-A8F1-16D8AC48BE73}.Debug|Any CPU.ActiveCfg = Debug|Any CPU
		{74F835D5-A60D-4F7B-A8F1-16D8AC48BE73}.Debug|Any CPU.Build.0 = Debug|Any CPU
		{74F835D5-A60D-4F7B-A8F1-16D8AC48BE73}.Release|Any CPU.ActiveCfg = Release|Any CPU
		{74F835D5-A60D-4F7B-A8F1-16D8AC48BE73}.Release|Any CPU.Build.0 = Release|Any CPU
		{2A20A925-C50C-402A-9314-FBDD11B0D1BF}.Debug|Any CPU.ActiveCfg = Debug|Any CPU
		{2A20A925-C50C-402A-9314-FBDD11B0D1BF}.Debug|Any CPU.Build.0 = Debug|Any CPU
		{2A20A925-C50C-402A-9314-FBDD11B0D1BF}.Release|Any CPU.ActiveCfg = Release|Any CPU
		{2A20A925-C50C-402A-9314-FBDD11B0D1BF}.Release|Any CPU.Build.0 = Release|Any CPU
	EndGlobalSection
	GlobalSection(SolutionProperties) = preSolution
		HideSolutionNode = FALSE
	EndGlobalSection
EndGlobal
